// !$*UTF8*$!
{
	archiveVersion = 1;
	classes = {
	};
	objectVersion = 52;
	objects = {

/* Begin PBXBuildFile section */
		DAE6D24F26503462008F4BB4 /* AppDelegate.swift in Sources */ = {isa = PBXBuildFile; fileRef = DAE6D24E26503462008F4BB4 /* AppDelegate.swift */; };
		DAE6D25126503462008F4BB4 /* SceneDelegate.swift in Sources */ = {isa = PBXBuildFile; fileRef = DAE6D25026503462008F4BB4 /* SceneDelegate.swift */; };
		DAE6D25326503462008F4BB4 /* ViewController.swift in Sources */ = {isa = PBXBuildFile; fileRef = DAE6D25226503462008F4BB4 /* ViewController.swift */; };
		DAE6D25626503462008F4BB4 /* Main.storyboard in Resources */ = {isa = PBXBuildFile; fileRef = DAE6D25426503462008F4BB4 /* Main.storyboard */; };
		DAE6D25826503463008F4BB4 /* Assets.xcassets in Resources */ = {isa = PBXBuildFile; fileRef = DAE6D25726503463008F4BB4 /* Assets.xcassets */; };
		DAE6D25B26503463008F4BB4 /* LaunchScreen.storyboard in Resources */ = {isa = PBXBuildFile; fileRef = DAE6D25926503463008F4BB4 /* LaunchScreen.storyboard */; };
		DAE6D2642650346D008F4BB4 /* MapKit.framework in Frameworks */ = {isa = PBXBuildFile; fileRef = DAE6D2632650346D008F4BB4 /* MapKit.framework */; };
		DAE6D26626503488008F4BB4 /* CoreLocation.framework in Frameworks */ = {isa = PBXBuildFile; fileRef = DAE6D26526503488008F4BB4 /* CoreLocation.framework */; };
		DAE6D269265037E7008F4BB4 /* Alamofire in Frameworks */ = {isa = PBXBuildFile; productRef = DAE6D268265037E7008F4BB4 /* Alamofire */; };
/* End PBXBuildFile section */

/* Begin PBXFileReference section */
		DAE6D24B26503462008F4BB4 /* LocateBatman.app */ = {isa = PBXFileReference; explicitFileType = wrapper.application; includeInIndex = 0; path = LocateBatman.app; sourceTree = BUILT_PRODUCTS_DIR; };
		DAE6D24E26503462008F4BB4 /* AppDelegate.swift */ = {isa = PBXFileReference; lastKnownFileType = sourcecode.swift; path = AppDelegate.swift; sourceTree = "<group>"; };
		DAE6D25026503462008F4BB4 /* SceneDelegate.swift */ = {isa = PBXFileReference; lastKnownFileType = sourcecode.swift; path = SceneDelegate.swift; sourceTree = "<group>"; };
		DAE6D25226503462008F4BB4 /* ViewController.swift */ = {isa = PBXFileReference; lastKnownFileType = sourcecode.swift; path = ViewController.swift; sourceTree = "<group>"; };
		DAE6D25526503462008F4BB4 /* Base */ = {isa = PBXFileReference; lastKnownFileType = file.storyboard; name = Base; path = Base.lproj/Main.storyboard; sourceTree = "<group>"; };
		DAE6D25726503463008F4BB4 /* Assets.xcassets */ = {isa = PBXFileReference; lastKnownFileType = folder.assetcatalog; path = Assets.xcassets; sourceTree = "<group>"; };
		DAE6D25A26503463008F4BB4 /* Base */ = {isa = PBXFileReference; lastKnownFileType = file.storyboard; name = Base; path = Base.lproj/LaunchScreen.storyboard; sourceTree = "<group>"; };
		DAE6D25C26503463008F4BB4 /* Info.plist */ = {isa = PBXFileReference; lastKnownFileType = text.plist.xml; path = Info.plist; sourceTree = "<group>"; };
		DAE6D2632650346D008F4BB4 /* MapKit.framework */ = {isa = PBXFileReference; lastKnownFileType = wrapper.framework; name = MapKit.framework; path = System/Library/Frameworks/MapKit.framework; sourceTree = SDKROOT; };
		DAE6D26526503488008F4BB4 /* CoreLocation.framework */ = {isa = PBXFileReference; lastKnownFileType = wrapper.framework; name = CoreLocation.framework; path = System/Library/Frameworks/CoreLocation.framework; sourceTree = SDKROOT; };
/* End PBXFileReference section */

/* Begin PBXFrameworksBuildPhase section */
		DAE6D24826503462008F4BB4 /* Frameworks */ = {
			isa = PBXFrameworksBuildPhase;
			buildActionMask = 2147483647;
			files = (
				DAE6D269265037E7008F4BB4 /* Alamofire in Frameworks */,
				DAE6D26626503488008F4BB4 /* CoreLocation.framework in Frameworks */,
				DAE6D2642650346D008F4BB4 /* MapKit.framework in Frameworks */,
			);
			runOnlyForDeploymentPostprocessing = 0;
		};
/* End PBXFrameworksBuildPhase section */

/* Begin PBXGroup section */
		DAE6D24226503462008F4BB4 = {
			isa = PBXGroup;
			children = (
				DAE6D24D26503462008F4BB4 /* LocateBatman */,
				DAE6D24C26503462008F4BB4 /* Products */,
				DAE6D2622650346D008F4BB4 /* Frameworks */,
			);
			sourceTree = "<group>";
		};
		DAE6D24C26503462008F4BB4 /* Products */ = {
			isa = PBXGroup;
			children = (
				DAE6D24B26503462008F4BB4 /* LocateBatman.app */,
			);
			name = Products;
			sourceTree = "<group>";
		};
		DAE6D24D26503462008F4BB4 /* LocateBatman */ = {
			isa = PBXGroup;
			children = (
				DAE6D24E26503462008F4BB4 /* AppDelegate.swift */,
				DAE6D25026503462008F4BB4 /* SceneDelegate.swift */,
				DAE6D25226503462008F4BB4 /* ViewController.swift */,
				DAE6D25426503462008F4BB4 /* Main.storyboard */,
				DAE6D25726503463008F4BB4 /* Assets.xcassets */,
				DAE6D25926503463008F4BB4 /* LaunchScreen.storyboard */,
				DAE6D25C26503463008F4BB4 /* Info.plist */,
			);
			path = LocateBatman;
			sourceTree = "<group>";
		};
		DAE6D2622650346D008F4BB4 /* Frameworks */ = {
			isa = PBXGroup;
			children = (
				DAE6D26526503488008F4BB4 /* CoreLocation.framework */,
				DAE6D2632650346D008F4BB4 /* MapKit.framework */,
			);
			name = Frameworks;
			sourceTree = "<group>";
		};
/* End PBXGroup section */

/* Begin PBXNativeTarget section */
		DAE6D24A26503462008F4BB4 /* LocateBatman */ = {
			isa = PBXNativeTarget;
			buildConfigurationList = DAE6D25F26503463008F4BB4 /* Build configuration list for PBXNativeTarget "LocateBatman" */;
			buildPhases = (
				DAE6D24726503462008F4BB4 /* Sources */,
				DAE6D24826503462008F4BB4 /* Frameworks */,
				DAE6D24926503462008F4BB4 /* Resources */,
			);
			buildRules = (
			);
			dependencies = (
			);
			name = LocateBatman;
			packageProductDependencies = (
				DAE6D268265037E7008F4BB4 /* Alamofire */,
			);
			productName = LocateBatman;
			productReference = DAE6D24B26503462008F4BB4 /* LocateBatman.app */;
			productType = "com.apple.product-type.application";
		};
/* End PBXNativeTarget section */

/* Begin PBXProject section */
		DAE6D24326503462008F4BB4 /* Project object */ = {
			isa = PBXProject;
			attributes = {
				LastSwiftUpdateCheck = 1250;
				LastUpgradeCheck = 1250;
				TargetAttributes = {
					DAE6D24A26503462008F4BB4 = {
						CreatedOnToolsVersion = 12.5;
					};
				};
			};
			buildConfigurationList = DAE6D24626503462008F4BB4 /* Build configuration list for PBXProject "LocateBatman" */;
			compatibilityVersion = "Xcode 9.3";
			developmentRegion = en;
			hasScannedForEncodings = 0;
			knownRegions = (
				en,
				Base,
			);
			mainGroup = DAE6D24226503462008F4BB4;
			packageReferences = (
				DAE6D267265037E7008F4BB4 /* XCRemoteSwiftPackageReference "Alamofire" */,
			);
			productRefGroup = DAE6D24C26503462008F4BB4 /* Products */;
			projectDirPath = "";
			projectRoot = "";
			targets = (
				DAE6D24A26503462008F4BB4 /* LocateBatman */,
			);
		};
/* End PBXProject section */

/* Begin PBXResourcesBuildPhase section */
		DAE6D24926503462008F4BB4 /* Resources */ = {
			isa = PBXResourcesBuildPhase;
			buildActionMask = 2147483647;
			files = (
				DAE6D25B26503463008F4BB4 /* LaunchScreen.storyboard in Resources */,
				DAE6D25826503463008F4BB4 /* Assets.xcassets in Resources */,
				DAE6D25626503462008F4BB4 /* Main.storyboard in Resources */,
			);
			runOnlyForDeploymentPostprocessing = 0;
		};
/* End PBXResourcesBuildPhase section */

/* Begin PBXSourcesBuildPhase section */
		DAE6D24726503462008F4BB4 /* Sources */ = {
			isa = PBXSourcesBuildPhase;
			buildActionMask = 2147483647;
			files = (
				DAE6D25326503462008F4BB4 /* ViewController.swift in Sources */,
				DAE6D24F26503462008F4BB4 /* AppDelegate.swift in Sources */,
				DAE6D25126503462008F4BB4 /* SceneDelegate.swift in Sources */,
			);
			runOnlyForDeploymentPostprocessing = 0;
		};
/* End PBXSourcesBuildPhase section */

/* Begin PBXVariantGroup section */
		DAE6D25426503462008F4BB4 /* Main.storyboard */ = {
			isa = PBXVariantGroup;
			children = (
				DAE6D25526503462008F4BB4 /* Base */,
			);
			name = Main.storyboard;
			sourceTree = "<group>";
		};
		DAE6D25926503463008F4BB4 /* LaunchScreen.storyboard */ = {
			isa = PBXVariantGroup;
			children = (
				DAE6D25A26503463008F4BB4 /* Base */,
			);
			name = LaunchScreen.storyboard;
			sourceTree = "<group>";
		};
/* End PBXVariantGroup section */

/* Begin XCBuildConfiguration section */
		DAE6D25D26503463008F4BB4 /* Debug */ = {
			isa = XCBuildConfiguration;
			buildSettings = {
				ALWAYS_SEARCH_USER_PATHS = NO;
				CLANG_ANALYZER_NONNULL = YES;
				CLANG_ANALYZER_NUMBER_OBJECT_CONVERSION = YES_AGGRESSIVE;
				CLANG_CXX_LANGUAGE_STANDARD = "gnu++14";
				CLANG_CXX_LIBRARY = "libc++";
				CLANG_ENABLE_MODULES = YES;
				CLANG_ENABLE_OBJC_ARC = YES;
				CLANG_ENABLE_OBJC_WEAK = YES;
				CLANG_WARN_BLOCK_CAPTURE_AUTORELEASING = YES;
				CLANG_WARN_BOOL_CONVERSION = YES;
				CLANG_WARN_COMMA = YES;
				CLANG_WARN_CONSTANT_CONVERSION = YES;
				CLANG_WARN_DEPRECATED_OBJC_IMPLEMENTATIONS = YES;
				CLANG_WARN_DIRECT_OBJC_ISA_USAGE = YES_ERROR;
				CLANG_WARN_DOCUMENTATION_COMMENTS = YES;
				CLANG_WARN_EMPTY_BODY = YES;
				CLANG_WARN_ENUM_CONVERSION = YES;
				CLANG_WARN_INFINITE_RECURSION = YES;
				CLANG_WARN_INT_CONVERSION = YES;
				CLANG_WARN_NON_LITERAL_NULL_CONVERSION = YES;
				CLANG_WARN_OBJC_IMPLICIT_RETAIN_SELF = YES;
				CLANG_WARN_OBJC_LITERAL_CONVERSION = YES;
				CLANG_WARN_OBJC_ROOT_CLASS = YES_ERROR;
				CLANG_WARN_QUOTED_INCLUDE_IN_FRAMEWORK_HEADER = YES;
				CLANG_WARN_RANGE_LOOP_ANALYSIS = YES;
				CLANG_WARN_STRICT_PROTOTYPES = YES;
				CLANG_WARN_SUSPICIOUS_MOVE = YES;
				CLANG_WARN_UNGUARDED_AVAILABILITY = YES_AGGRESSIVE;
				CLANG_WARN_UNREACHABLE_CODE = YES;
				CLANG_WARN__DUPLICATE_METHOD_MATCH = YES;
				COPY_PHASE_STRIP = NO;
				DEBUG_INFORMATION_FORMAT = dwarf;
				ENABLE_STRICT_OBJC_MSGSEND = YES;
				ENABLE_TESTABILITY = YES;
				GCC_C_LANGUAGE_STANDARD = gnu11;
				GCC_DYNAMIC_NO_PIC = NO;
				GCC_NO_COMMON_BLOCKS = YES;
				GCC_OPTIMIZATION_LEVEL = 0;
				GCC_PREPROCESSOR_DEFINITIONS = (
					"DEBUG=1",
					"$(inherited)",
				);
				GCC_WARN_64_TO_32_BIT_CONVERSION = YES;
				GCC_WARN_ABOUT_RETURN_TYPE = YES_ERROR;
				GCC_WARN_UNDECLARED_SELECTOR = YES;
				GCC_WARN_UNINITIALIZED_AUTOS = YES_AGGRESSIVE;
				GCC_WARN_UNUSED_FUNCTION = YES;
				GCC_WARN_UNUSED_VARIABLE = YES;
				IPHONEOS_DEPLOYMENT_TARGET = 14.5;
				MTL_ENABLE_DEBUG_INFO = INCLUDE_SOURCE;
				MTL_FAST_MATH = YES;
				ONLY_ACTIVE_ARCH = YES;
				SDKROOT = iphoneos;
				SWIFT_ACTIVE_COMPILATION_CONDITIONS = DEBUG;
				SWIFT_OPTIMIZATION_LEVEL = "-Onone";
			};
			name = Debug;
		};
		DAE6D25E26503463008F4BB4 /* Release */ = {
			isa = XCBuildConfiguration;
			buildSettings = {
				ALWAYS_SEARCH_USER_PATHS = NO;
				CLANG_ANALYZER_NONNULL = YES;
				CLANG_ANALYZER_NUMBER_OBJECT_CONVERSION = YES_AGGRESSIVE;
				CLANG_CXX_LANGUAGE_STANDARD = "gnu++14";
				CLANG_CXX_LIBRARY = "libc++";
				CLANG_ENABLE_MODULES = YES;
				CLANG_ENABLE_OBJC_ARC = YES;
				CLANG_ENABLE_OBJC_WEAK = YES;
				CLANG_WARN_BLOCK_CAPTURE_AUTORELEASING = YES;
				CLANG_WARN_BOOL_CONVERSION = YES;
				CLANG_WARN_COMMA = YES;
				CLANG_WARN_CONSTANT_CONVERSION = YES;
				CLANG_WARN_DEPRECATED_OBJC_IMPLEMENTATIONS = YES;
				CLANG_WARN_DIRECT_OBJC_ISA_USAGE = YES_ERROR;
				CLANG_WARN_DOCUMENTATION_COMMENTS = YES;
				CLANG_WARN_EMPTY_BODY = YES;
				CLANG_WARN_ENUM_CONVERSION = YES;
				CLANG_WARN_INFINITE_RECURSION = YES;
				CLANG_WARN_INT_CONVERSION = YES;
				CLANG_WARN_NON_LITERAL_NULL_CONVERSION = YES;
				CLANG_WARN_OBJC_IMPLICIT_RETAIN_SELF = YES;
				CLANG_WARN_OBJC_LITERAL_CONVERSION = YES;
				CLANG_WARN_OBJC_ROOT_CLASS = YES_ERROR;
				CLANG_WARN_QUOTED_INCLUDE_IN_FRAMEWORK_HEADER = YES;
				CLANG_WARN_RANGE_LOOP_ANALYSIS = YES;
				CLANG_WARN_STRICT_PROTOTYPES = YES;
				CLANG_WARN_SUSPICIOUS_MOVE = YES;
				CLANG_WARN_UNGUARDED_AVAILABILITY = YES_AGGRESSIVE;
				CLANG_WARN_UNREACHABLE_CODE = YES;
				CLANG_WARN__DUPLICATE_METHOD_MATCH = YES;
				COPY_PHASE_STRIP = NO;
				DEBUG_INFORMATION_FORMAT = "dwarf-with-dsym";
				ENABLE_NS_ASSERTIONS = NO;
				ENABLE_STRICT_OBJC_MSGSEND = YES;
				GCC_C_LANGUAGE_STANDARD = gnu11;
				GCC_NO_COMMON_BLOCKS = YES;
				GCC_WARN_64_TO_32_BIT_CONVERSION = YES;
				GCC_WARN_ABOUT_RETURN_TYPE = YES_ERROR;
				GCC_WARN_UNDECLARED_SELECTOR = YES;
				GCC_WARN_UNINITIALIZED_AUTOS = YES_AGGRESSIVE;
				GCC_WARN_UNUSED_FUNCTION = YES;
				GCC_WARN_UNUSED_VARIABLE = YES;
				IPHONEOS_DEPLOYMENT_TARGET = 14.5;
				MTL_ENABLE_DEBUG_INFO = NO;
				MTL_FAST_MATH = YES;
				SDKROOT = iphoneos;
				SWIFT_COMPILATION_MODE = wholemodule;
				SWIFT_OPTIMIZATION_LEVEL = "-O";
				VALIDATE_PRODUCT = YES;
			};
			name = Release;
		};
		DAE6D26026503463008F4BB4 /* Debug */ = {
			isa = XCBuildConfiguration;
			buildSettings = {
				ASSETCATALOG_COMPILER_APPICON_NAME = AppIcon;
				ASSETCATALOG_COMPILER_GLOBAL_ACCENT_COLOR_NAME = AccentColor;
				CODE_SIGN_STYLE = Automatic;
				DEVELOPMENT_TEAM = 9FG8SD99LV;
				INFOPLIST_FILE = LocateBatman/Info.plist;
				LD_RUNPATH_SEARCH_PATHS = (
					"$(inherited)",
					"@executable_path/Frameworks",
				);
				PRODUCT_BUNDLE_IDENTIFIER = com.soyaaroncervantes.LocateBatman;
				PRODUCT_NAME = "$(TARGET_NAME)";
				SWIFT_VERSION = 5.0;
				TARGETED_DEVICE_FAMILY = 1;
			};
			name = Debug;
		};
		DAE6D26126503463008F4BB4 /* Release */ = {
			isa = XCBuildConfiguration;
			buildSettings = {
				ASSETCATALOG_COMPILER_APPICON_NAME = AppIcon;
				ASSETCATALOG_COMPILER_GLOBAL_ACCENT_COLOR_NAME = AccentColor;
				CODE_SIGN_STYLE = Automatic;
				DEVELOPMENT_TEAM = 9FG8SD99LV;
				INFOPLIST_FILE = LocateBatman/Info.plist;
				LD_RUNPATH_SEARCH_PATHS = (
					"$(inherited)",
					"@executable_path/Frameworks",
				);
				PRODUCT_BUNDLE_IDENTIFIER = com.soyaaroncervantes.LocateBatman;
				PRODUCT_NAME = "$(TARGET_NAME)";
				SWIFT_VERSION = 5.0;
				TARGETED_DEVICE_FAMILY = 1;
			};
			name = Release;
		};
/* End XCBuildConfiguration section */

/* Begin XCConfigurationList section */
		DAE6D24626503462008F4BB4 /* Build configuration list for PBXProject "LocateBatman" */ = {
			isa = XCConfigurationList;
			buildConfigurations = (
				DAE6D25D26503463008F4BB4 /* Debug */,
				DAE6D25E26503463008F4BB4 /* Release */,
			);
			defaultConfigurationIsVisible = 0;
			defaultConfigurationName = Release;
		};
		DAE6D25F26503463008F4BB4 /* Build configuration list for PBXNativeTarget "LocateBatman" */ = {
			isa = XCConfigurationList;
			buildConfigurations = (
				DAE6D26026503463008F4BB4 /* Debug */,
				DAE6D26126503463008F4BB4 /* Release */,
			);
			defaultConfigurationIsVisible = 0;
			defaultConfigurationName = Release;
		};
/* End XCConfigurationList section */

/* Begin XCRemoteSwiftPackageReference section */
		DAE6D267265037E7008F4BB4 /* XCRemoteSwiftPackageReference "Alamofire" */ = {
			isa = XCRemoteSwiftPackageReference;
			repositoryURL = "https://github.com/Alamofire/Alamofire";
			requirement = {
				kind = upToNextMajorVersion;
				minimumVersion = 5.4.3;
			};
		};
/* End XCRemoteSwiftPackageReference section */

/* Begin XCSwiftPackageProductDependency section */
		DAE6D268265037E7008F4BB4 /* Alamofire */ = {
			isa = XCSwiftPackageProductDependency;
			package = DAE6D267265037E7008F4BB4 /* XCRemoteSwiftPackageReference "Alamofire" */;
			productName = Alamofire;
		};
/* End XCSwiftPackageProductDependency section */
	};
	rootObject = DAE6D24326503462008F4BB4 /* Project object */;
}
